
Microsoft Visual Studio Solution File, Format Version 12.00
# Visual Studio 15
VisualStudioVersion = 15.0.26403.0
MinimumVisualStudioVersion = 10.0.40219.1
Project("{FAE04EC0-301F-11D3-BF4B-00C04F79EFBC}") = "Example01", "Example01\Example01.csproj", "{2C90F080-03B3-4671-932B-599CB9149818}"
EndProject
Project("{FAE04EC0-301F-11D3-BF4B-00C04F79EFBC}") = "Example02", "Example02\Example02.csproj", "{F281AB7B-622C-4569-BBE2-77A0A8E6F5E2}"
EndProject
Project("{FAE04EC0-301F-11D3-BF4B-00C04F79EFBC}") = "Example03-bool", "Example03-bool\Example03-bool.csproj", "{D0AD09D8-487D-4482-954B-14FEBD1E3DD1}"
EndProject
Global
	GlobalSection(SolutionConfigurationPlatforms) = preSolution
		Debug|Any CPU = Debug|Any CPU
		Release|Any CPU = Release|Any CPU
	EndGlobalSection
	GlobalSection(ProjectConfigurationPlatforms) = postSolution
		{2C90F080-03B3-4671-932B-599CB9149818}.Debug|Any CPU.ActiveCfg = Debug|Any CPU
		{2C90F080-03B3-4671-932B-599CB9149818}.Debug|Any CPU.Build.0 = Debug|Any CPU
		{2C90F080-03B3-4671-932B-599CB9149818}.Release|Any CPU.ActiveCfg = Release|Any CPU
		{2C90F080-03B3-4671-932B-599CB9149818}.Release|Any CPU.Build.0 = Release|Any CPU
		{F281AB7B-622C-4569-BBE2-77A0A8E6F5E2}.Debug|Any CPU.ActiveCfg = Debug|Any CPU
		{F281AB7B-622C-4569-BBE2-77A0A8E6F5E2}.Debug|Any CPU.Build.0 = Debug|Any CPU
		{F281AB7B-622C-4569-BBE2-77A0A8E6F5E2}.Release|Any CPU.ActiveCfg = Release|Any CPU
		{F281AB7B-622C-4569-BBE2-77A0A8E6F5E2}.Release|Any CPU.Build.0 = Release|Any CPU
		{D0AD09D8-487D-4482-954B-14FEBD1E3DD1}.Debug|Any CPU.ActiveCfg = Debug|Any CPU
		{D0AD09D8-487D-4482-954B-14FEBD1E3DD1}.Debug|Any CPU.Build.0 = Debug|Any CPU
		{D0AD09D8-487D-4482-954B-14FEBD1E3DD1}.Release|Any CPU.ActiveCfg = Release|Any CPU
		{D0AD09D8-487D-4482-954B-14FEBD1E3DD1}.Release|Any CPU.Build.0 = Release|Any CPU
	EndGlobalSection
	GlobalSection(SolutionProperties) = preSolution
		HideSolutionNode = FALSE
	EndGlobalSection
EndGlobal
